
Microsoft Visual Studio Solution File, Format Version 12.00
# Visual Studio 15
VisualStudioVersion = 15.0.27428.2027
MinimumVisualStudioVersion = 10.0.40219.1
Project("{888888A0-9F3D-457C-B088-3A5042F75D52}") = "PythonFlaskApp", "PythonFlaskApp\PythonFlaskApp.pyproj", "{A5180AE9-4D07-44CE-A4E1-92769CF565EA}"
EndProject
Global
	GlobalSection(SolutionConfigurationPlatforms) = preSolution
		Debug|Any CPU = Debug|Any CPU
		Release|Any CPU = Release|Any CPU
	EndGlobalSection
	GlobalSection(ProjectConfigurationPlatforms) = postSolution
		{A5180AE9-4D07-44CE-A4E1-92769CF565EA}.Debug|Any CPU.ActiveCfg = Debug|Any CPU
		{A5180AE9-4D07-44CE-A4E1-92769CF565EA}.Debug|Any CPU.Build.0 = Debug|Any CPU
		{A5180AE9-4D07-44CE-A4E1-92769CF565EA}.Release|Any CPU.ActiveCfg = Release|Any CPU
		{A5180AE9-4D07-44CE-A4E1-92769CF565EA}.Release|Any CPU.Build.0 = Release|Any CPU
	EndGlobalSection
	GlobalSection(SolutionProperties) = preSolution
		HideSolutionNode = FALSE
	EndGlobalSection
	GlobalSection(ExtensibilityGlobals) = postSolution
		SolutionGuid = {8C55D582-49F5-4AC9-A532-5B8146E8635C}
	EndGlobalSection
EndGlobal
